
Microsoft Visual Studio Solution File, Format Version 12.00
# Visual Studio Version 17
VisualStudioVersion = 17.9.34616.47
MinimumVisualStudioVersion = 10.0.40219.1
Project("{2150E333-8FDC-42A3-9474-1A3956D46DE8}") = "Core", "Core", "{58FEF6E5-AAF6-43B5-90A8-B5D787240068}"
EndProject
Project("{9A19103F-16F7-4668-BE54-9A1E7A4F7556}") = "InnoShop.Domain", "Domain\InnoShop.Domain.csproj", "{ACBA8D64-BB0E-4DEF-8E57-133DAC1AE546}"
EndProject
Project("{2150E333-8FDC-42A3-9474-1A3956D46DE8}") = "Presentation", "Presentation", "{A39354A4-35F6-426D-A209-C733AAFE5DBF}"
EndProject
Project("{9A19103F-16F7-4668-BE54-9A1E7A4F7556}") = "InnoShop.ProdWebAPI", "InnoShop.ProdWebAPI\InnoShop.ProdWebAPI.csproj", "{2EDD33E2-ABFE-4330-961F-7EA5C9BB9D32}"
EndProject
Project("{9A19103F-16F7-4668-BE54-9A1E7A4F7556}") = "InnoShop.Contracts", "Contracts\InnoShop.Contracts.csproj", "{D11874EB-F414-4745-A4E2-14F0E38575F8}"
EndProject
Project("{9A19103F-16F7-4668-BE54-9A1E7A4F7556}") = "InnoShop.Application", "Application\InnoShop.Application.csproj", "{44DB4E1D-A87A-404E-B42F-50EFABD370C7}"
EndProject
Project("{9A19103F-16F7-4668-BE54-9A1E7A4F7556}") = "InnoShop.Infrastructure", "Infrastructure\InnoShop.Infrastructure.csproj", "{1D70ED8B-B187-4DF8-8854-61F3406B05A3}"
EndProject
Project("{9A19103F-16F7-4668-BE54-9A1E7A4F7556}") = "InnoShop.UserWebAPI", "InnoShop.UserWebAPI\InnoShop.UserWebAPI.csproj", "{59874F45-A11A-418B-A5ED-67A59B368132}"
	ProjectSection(ProjectDependencies) = postProject
		{1D70ED8B-B187-4DF8-8854-61F3406B05A3} = {1D70ED8B-B187-4DF8-8854-61F3406B05A3}
		{44DB4E1D-A87A-404E-B42F-50EFABD370C7} = {44DB4E1D-A87A-404E-B42F-50EFABD370C7}
		{ACBA8D64-BB0E-4DEF-8E57-133DAC1AE546} = {ACBA8D64-BB0E-4DEF-8E57-133DAC1AE546}
	EndProjectSection
EndProject
Project("{9A19103F-16F7-4668-BE54-9A1E7A4F7556}") = "InnoShop.Frontend", "InnoShop.Frontend\InnoShop.Frontend.csproj", "{EDB969E6-CA51-4479-845C-2C1458AFD277}"
EndProject
Project("{FAE04EC0-301F-11D3-BF4B-00C04F79EFBC}") = "InnoShop.DTO", "InnoShop.DTO\InnoShop.DTO.csproj", "{62101A09-3292-480E-B484-AD3805158C73}"
EndProject
Global
	GlobalSection(SolutionConfigurationPlatforms) = preSolution
		Debug|Any CPU = Debug|Any CPU
		Release|Any CPU = Release|Any CPU
	EndGlobalSection
	GlobalSection(ProjectConfigurationPlatforms) = postSolution
		{ACBA8D64-BB0E-4DEF-8E57-133DAC1AE546}.Debug|Any CPU.ActiveCfg = Debug|Any CPU
		{ACBA8D64-BB0E-4DEF-8E57-133DAC1AE546}.Debug|Any CPU.Build.0 = Debug|Any CPU
		{ACBA8D64-BB0E-4DEF-8E57-133DAC1AE546}.Release|Any CPU.ActiveCfg = Release|Any CPU
		{ACBA8D64-BB0E-4DEF-8E57-133DAC1AE546}.Release|Any CPU.Build.0 = Release|Any CPU
		{2EDD33E2-ABFE-4330-961F-7EA5C9BB9D32}.Debug|Any CPU.ActiveCfg = Debug|Any CPU
		{2EDD33E2-ABFE-4330-961F-7EA5C9BB9D32}.Debug|Any CPU.Build.0 = Debug|Any CPU
		{2EDD33E2-ABFE-4330-961F-7EA5C9BB9D32}.Release|Any CPU.ActiveCfg = Release|Any CPU
		{2EDD33E2-ABFE-4330-961F-7EA5C9BB9D32}.Release|Any CPU.Build.0 = Release|Any CPU
		{D11874EB-F414-4745-A4E2-14F0E38575F8}.Debug|Any CPU.ActiveCfg = Debug|Any CPU
		{D11874EB-F414-4745-A4E2-14F0E38575F8}.Debug|Any CPU.Build.0 = Debug|Any CPU
		{D11874EB-F414-4745-A4E2-14F0E38575F8}.Release|Any CPU.ActiveCfg = Release|Any CPU
		{D11874EB-F414-4745-A4E2-14F0E38575F8}.Release|Any CPU.Build.0 = Release|Any CPU
		{44DB4E1D-A87A-404E-B42F-50EFABD370C7}.Debug|Any CPU.ActiveCfg = Debug|Any CPU
		{44DB4E1D-A87A-404E-B42F-50EFABD370C7}.Debug|Any CPU.Build.0 = Debug|Any CPU
		{44DB4E1D-A87A-404E-B42F-50EFABD370C7}.Release|Any CPU.ActiveCfg = Release|Any CPU
		{44DB4E1D-A87A-404E-B42F-50EFABD370C7}.Release|Any CPU.Build.0 = Release|Any CPU
		{1D70ED8B-B187-4DF8-8854-61F3406B05A3}.Debug|Any CPU.ActiveCfg = Debug|Any CPU
		{1D70ED8B-B187-4DF8-8854-61F3406B05A3}.Debug|Any CPU.Build.0 = Debug|Any CPU
		{1D70ED8B-B187-4DF8-8854-61F3406B05A3}.Release|Any CPU.ActiveCfg = Release|Any CPU
		{1D70ED8B-B187-4DF8-8854-61F3406B05A3}.Release|Any CPU.Build.0 = Release|Any CPU
		{59874F45-A11A-418B-A5ED-67A59B368132}.Debug|Any CPU.ActiveCfg = Debug|Any CPU
		{59874F45-A11A-418B-A5ED-67A59B368132}.Debug|Any CPU.Build.0 = Debug|Any CPU
		{59874F45-A11A-418B-A5ED-67A59B368132}.Release|Any CPU.ActiveCfg = Release|Any CPU
		{59874F45-A11A-418B-A5ED-67A59B368132}.Release|Any CPU.Build.0 = Release|Any CPU
		{EDB969E6-CA51-4479-845C-2C1458AFD277}.Debug|Any CPU.ActiveCfg = Debug|Any CPU
		{EDB969E6-CA51-4479-845C-2C1458AFD277}.Debug|Any CPU.Build.0 = Debug|Any CPU
		{EDB969E6-CA51-4479-845C-2C1458AFD277}.Release|Any CPU.ActiveCfg = Release|Any CPU
		{EDB969E6-CA51-4479-845C-2C1458AFD277}.Release|Any CPU.Build.0 = Release|Any CPU
		{62101A09-3292-480E-B484-AD3805158C73}.Debug|Any CPU.ActiveCfg = Debug|Any CPU
		{62101A09-3292-480E-B484-AD3805158C73}.Debug|Any CPU.Build.0 = Debug|Any CPU
		{62101A09-3292-480E-B484-AD3805158C73}.Release|Any CPU.ActiveCfg = Release|Any CPU
		{62101A09-3292-480E-B484-AD3805158C73}.Release|Any CPU.Build.0 = Release|Any CPU
	EndGlobalSection
	GlobalSection(SolutionProperties) = preSolution
		HideSolutionNode = FALSE
	EndGlobalSection
	GlobalSection(NestedProjects) = preSolution
		{ACBA8D64-BB0E-4DEF-8E57-133DAC1AE546} = {58FEF6E5-AAF6-43B5-90A8-B5D787240068}
		{2EDD33E2-ABFE-4330-961F-7EA5C9BB9D32} = {A39354A4-35F6-426D-A209-C733AAFE5DBF}
		{D11874EB-F414-4745-A4E2-14F0E38575F8} = {58FEF6E5-AAF6-43B5-90A8-B5D787240068}
		{44DB4E1D-A87A-404E-B42F-50EFABD370C7} = {58FEF6E5-AAF6-43B5-90A8-B5D787240068}
		{1D70ED8B-B187-4DF8-8854-61F3406B05A3} = {58FEF6E5-AAF6-43B5-90A8-B5D787240068}
		{59874F45-A11A-418B-A5ED-67A59B368132} = {A39354A4-35F6-426D-A209-C733AAFE5DBF}
		{EDB969E6-CA51-4479-845C-2C1458AFD277} = {A39354A4-35F6-426D-A209-C733AAFE5DBF}
		{62101A09-3292-480E-B484-AD3805158C73} = {A39354A4-35F6-426D-A209-C733AAFE5DBF}
	EndGlobalSection
	GlobalSection(ExtensibilityGlobals) = postSolution
		SolutionGuid = {A706B785-7D40-4692-A129-BADE8622B8EE}
	EndGlobalSection
EndGlobal
